// !$*UTF8*$!
{
	archiveVersion = 1;
	classes = {
	};
	objectVersion = 46;
	objects = {

/* Begin PBXBuildFile section */
		4D7CE3A6190A7741005893EA /* YelpLocationObject.m in Sources */ = {isa = PBXBuildFile; fileRef = 4D7CE3A4190A7741005893EA /* YelpLocationObject.m */; };
		4D7CE3A9190A7F51005893EA /* YelpReviewObject.m in Sources */ = {isa = PBXBuildFile; fileRef = 4D7CE3A8190A7F51005893EA /* YelpReviewObject.m */; };
		4D7CE3AC190A7F9D005893EA /* YelpReviewUserObject.m in Sources */ = {isa = PBXBuildFile; fileRef = 4D7CE3AB190A7F9D005893EA /* YelpReviewUserObject.m */; };
		4DA9A5541906A22000148541 /* NSData+Base64Encoder.m in Sources */ = {isa = PBXBuildFile; fileRef = 4DA9A5531906A22000148541 /* NSData+Base64Encoder.m */; };
		4DA9A5571906A23300148541 /* NSString+Encoding.m in Sources */ = {isa = PBXBuildFile; fileRef = 4DA9A5561906A23300148541 /* NSString+Encoding.m */; };
		4DA9A55B1906A2EF00148541 /* YelpAPIUtilities.m in Sources */ = {isa = PBXBuildFile; fileRef = 4DA9A55A1906A2EF00148541 /* YelpAPIUtilities.m */; };
		4DAA4D6519074B29003DC93A /* YelpAPIParser.m in Sources */ = {isa = PBXBuildFile; fileRef = 4DAA4D6419074B29003DC93A /* YelpAPIParser.m */; };
		4DB9AE891904D1EF00F0D562 /* Foundation.framework in Frameworks */ = {isa = PBXBuildFile; fileRef = 4DB9AE881904D1EF00F0D562 /* Foundation.framework */; };
		4DB9AE8B1904D1EF00F0D562 /* CoreGraphics.framework in Frameworks */ = {isa = PBXBuildFile; fileRef = 4DB9AE8A1904D1EF00F0D562 /* CoreGraphics.framework */; };
		4DB9AE8D1904D1EF00F0D562 /* UIKit.framework in Frameworks */ = {isa = PBXBuildFile; fileRef = 4DB9AE8C1904D1EF00F0D562 /* UIKit.framework */; };
		4DB9AE931904D1EF00F0D562 /* InfoPlist.strings in Resources */ = {isa = PBXBuildFile; fileRef = 4DB9AE911904D1EF00F0D562 /* InfoPlist.strings */; };
		4DB9AE951904D1EF00F0D562 /* main.m in Sources */ = {isa = PBXBuildFile; fileRef = 4DB9AE941904D1EF00F0D562 /* main.m */; };
		4DB9AE991904D1EF00F0D562 /* YMAppDelegate.m in Sources */ = {isa = PBXBuildFile; fileRef = 4DB9AE981904D1EF00F0D562 /* YMAppDelegate.m */; };
		4DB9AE9C1904D1EF00F0D562 /* Main.storyboard in Resources */ = {isa = PBXBuildFile; fileRef = 4DB9AE9A1904D1EF00F0D562 /* Main.storyboard */; };
		4DB9AE9F1904D1EF00F0D562 /* YMViewController.m in Sources */ = {isa = PBXBuildFile; fileRef = 4DB9AE9E1904D1EF00F0D562 /* YMViewController.m */; };
		4DB9AEA11904D1EF00F0D562 /* Images.xcassets in Resources */ = {isa = PBXBuildFile; fileRef = 4DB9AEA01904D1EF00F0D562 /* Images.xcassets */; };
		4DB9AEA81904D1EF00F0D562 /* XCTest.framework in Frameworks */ = {isa = PBXBuildFile; fileRef = 4DB9AEA71904D1EF00F0D562 /* XCTest.framework */; };
		4DB9AEA91904D1EF00F0D562 /* Foundation.framework in Frameworks */ = {isa = PBXBuildFile; fileRef = 4DB9AE881904D1EF00F0D562 /* Foundation.framework */; };
		4DB9AEAA1904D1EF00F0D562 /* UIKit.framework in Frameworks */ = {isa = PBXBuildFile; fileRef = 4DB9AE8C1904D1EF00F0D562 /* UIKit.framework */; };
		4DB9AEB21904D1EF00F0D562 /* InfoPlist.strings in Resources */ = {isa = PBXBuildFile; fileRef = 4DB9AEB01904D1EF00F0D562 /* InfoPlist.strings */; };
		4DB9AEB41904D1EF00F0D562 /* YelpAPIManagerDemoTests.m in Sources */ = {isa = PBXBuildFile; fileRef = 4DB9AEB31904D1EF00F0D562 /* YelpAPIManagerDemoTests.m */; };
		4DB9AEC31904D23200F0D562 /* YelpAPIManager.m in Sources */ = {isa = PBXBuildFile; fileRef = 4DB9AEC21904D23200F0D562 /* YelpAPIManager.m */; };
		5D3C776C190853A40083577C /* YelpDealObject.m in Sources */ = {isa = PBXBuildFile; fileRef = 5D3C776B190853A40083577C /* YelpDealObject.m */; };
		5D3C776F190853AA0083577C /* YelpGiftCertificateObject.m in Sources */ = {isa = PBXBuildFile; fileRef = 5D3C776E190853AA0083577C /* YelpGiftCertificateObject.m */; };
		5D3C7772190853F80083577C /* YelpGiftCertificateOption.m in Sources */ = {isa = PBXBuildFile; fileRef = 5D3C7771190853F80083577C /* YelpGiftCertificateOption.m */; };
		5D3C7775190854050083577C /* YelpDealOption.m in Sources */ = {isa = PBXBuildFile; fileRef = 5D3C7774190854050083577C /* YelpDealOption.m */; };
		5D3C77781908621C0083577C /* YelpObject.m in Sources */ = {isa = PBXBuildFile; fileRef = 5D3C77771908621C0083577C /* YelpObject.m */; };
		5DF09FCD1906FB0D00727F41 /* YelpAPIConstants.plist in Resources */ = {isa = PBXBuildFile; fileRef = 5DF09FCA1906FB0D00727F41 /* YelpAPIConstants.plist */; };
		5DF09FD51907077E00727F41 /* YelpBusinessObject.m in Sources */ = {isa = PBXBuildFile; fileRef = 5DF09FD41907077E00727F41 /* YelpBusinessObject.m */; };
		5DF09FD71907086300727F41 /* CoreLocation.framework in Frameworks */ = {isa = PBXBuildFile; fileRef = 5DF09FD61907086300727F41 /* CoreLocation.framework */; };
		800A775BB1534AEC811868F3 /* libPods-YelpAPIManagerDemo.a in Frameworks */ = {isa = PBXBuildFile; fileRef = 58E76568BB534B56A917E71D /* libPods-YelpAPIManagerDemo.a */; };
/* End PBXBuildFile section */

/* Begin PBXContainerItemProxy section */
		4DB9AEAB1904D1EF00F0D562 /* PBXContainerItemProxy */ = {
			isa = PBXContainerItemProxy;
			containerPortal = 4DB9AE7D1904D1EF00F0D562 /* Project object */;
			proxyType = 1;
			remoteGlobalIDString = 4DB9AE841904D1EF00F0D562;
			remoteInfo = YelpAPIManagerDemo;
		};
/* End PBXContainerItemProxy section */

/* Begin PBXFileReference section */
		3C26D4A249864FD194DBA2CC /* Pods-YelpAPIManagerDemo.xcconfig */ = {isa = PBXFileReference; includeInIndex = 1; lastKnownFileType = text.xcconfig; name = "Pods-YelpAPIManagerDemo.xcconfig"; path = "Pods/Pods-YelpAPIManagerDemo.xcconfig"; sourceTree = "<group>"; };
		4D7CE3A3190A7741005893EA /* YelpLocationObject.h */ = {isa = PBXFileReference; fileEncoding = 4; lastKnownFileType = sourcecode.c.h; path = YelpLocationObject.h; sourceTree = "<group>"; };
		4D7CE3A4190A7741005893EA /* YelpLocationObject.m */ = {isa = PBXFileReference; fileEncoding = 4; lastKnownFileType = sourcecode.c.objc; path = YelpLocationObject.m; sourceTree = "<group>"; };
		4D7CE3A7190A7F51005893EA /* YelpReviewObject.h */ = {isa = PBXFileReference; fileEncoding = 4; lastKnownFileType = sourcecode.c.h; path = YelpReviewObject.h; sourceTree = "<group>"; };
		4D7CE3A8190A7F51005893EA /* YelpReviewObject.m */ = {isa = PBXFileReference; fileEncoding = 4; lastKnownFileType = sourcecode.c.objc; path = YelpReviewObject.m; sourceTree = "<group>"; };
		4D7CE3AA190A7F9D005893EA /* YelpReviewUserObject.h */ = {isa = PBXFileReference; fileEncoding = 4; lastKnownFileType = sourcecode.c.h; path = YelpReviewUserObject.h; sourceTree = "<group>"; };
		4D7CE3AB190A7F9D005893EA /* YelpReviewUserObject.m */ = {isa = PBXFileReference; fileEncoding = 4; lastKnownFileType = sourcecode.c.objc; path = YelpReviewUserObject.m; sourceTree = "<group>"; };
		4DA9A5521906A22000148541 /* NSData+Base64Encoder.h */ = {isa = PBXFileReference; fileEncoding = 4; lastKnownFileType = sourcecode.c.h; path = "NSData+Base64Encoder.h"; sourceTree = "<group>"; };
		4DA9A5531906A22000148541 /* NSData+Base64Encoder.m */ = {isa = PBXFileReference; fileEncoding = 4; lastKnownFileType = sourcecode.c.objc; path = "NSData+Base64Encoder.m"; sourceTree = "<group>"; };
		4DA9A5551906A23300148541 /* NSString+Encoding.h */ = {isa = PBXFileReference; fileEncoding = 4; lastKnownFileType = sourcecode.c.h; path = "NSString+Encoding.h"; sourceTree = "<group>"; };
		4DA9A5561906A23300148541 /* NSString+Encoding.m */ = {isa = PBXFileReference; fileEncoding = 4; lastKnownFileType = sourcecode.c.objc; path = "NSString+Encoding.m"; sourceTree = "<group>"; };
		4DA9A5591906A2EF00148541 /* YelpAPIUtilities.h */ = {isa = PBXFileReference; fileEncoding = 4; lastKnownFileType = sourcecode.c.h; path = YelpAPIUtilities.h; sourceTree = "<group>"; };
		4DA9A55A1906A2EF00148541 /* YelpAPIUtilities.m */ = {isa = PBXFileReference; fileEncoding = 4; lastKnownFileType = sourcecode.c.objc; path = YelpAPIUtilities.m; sourceTree = "<group>"; };
		4DAA4D6319074B29003DC93A /* YelpAPIParser.h */ = {isa = PBXFileReference; fileEncoding = 4; lastKnownFileType = sourcecode.c.h; path = YelpAPIParser.h; sourceTree = "<group>"; };
		4DAA4D6419074B29003DC93A /* YelpAPIParser.m */ = {isa = PBXFileReference; fileEncoding = 4; lastKnownFileType = sourcecode.c.objc; path = YelpAPIParser.m; sourceTree = "<group>"; };
		4DB9AE851904D1EF00F0D562 /* YelpAPIManagerDemo.app */ = {isa = PBXFileReference; explicitFileType = wrapper.application; includeInIndex = 0; path = YelpAPIManagerDemo.app; sourceTree = BUILT_PRODUCTS_DIR; };
		4DB9AE881904D1EF00F0D562 /* Foundation.framework */ = {isa = PBXFileReference; lastKnownFileType = wrapper.framework; name = Foundation.framework; path = System/Library/Frameworks/Foundation.framework; sourceTree = SDKROOT; };
		4DB9AE8A1904D1EF00F0D562 /* CoreGraphics.framework */ = {isa = PBXFileReference; lastKnownFileType = wrapper.framework; name = CoreGraphics.framework; path = System/Library/Frameworks/CoreGraphics.framework; sourceTree = SDKROOT; };
		4DB9AE8C1904D1EF00F0D562 /* UIKit.framework */ = {isa = PBXFileReference; lastKnownFileType = wrapper.framework; name = UIKit.framework; path = System/Library/Frameworks/UIKit.framework; sourceTree = SDKROOT; };
		4DB9AE901904D1EF00F0D562 /* YelpAPIManagerDemo-Info.plist */ = {isa = PBXFileReference; lastKnownFileType = text.plist.xml; path = "YelpAPIManagerDemo-Info.plist"; sourceTree = "<group>"; };
		4DB9AE921904D1EF00F0D562 /* en */ = {isa = PBXFileReference; lastKnownFileType = text.plist.strings; name = en; path = en.lproj/InfoPlist.strings; sourceTree = "<group>"; };
		4DB9AE941904D1EF00F0D562 /* main.m */ = {isa = PBXFileReference; lastKnownFileType = sourcecode.c.objc; path = main.m; sourceTree = "<group>"; };
		4DB9AE961904D1EF00F0D562 /* YelpAPIManagerDemo-Prefix.pch */ = {isa = PBXFileReference; lastKnownFileType = sourcecode.c.h; path = "YelpAPIManagerDemo-Prefix.pch"; sourceTree = "<group>"; };
		4DB9AE971904D1EF00F0D562 /* YMAppDelegate.h */ = {isa = PBXFileReference; lastKnownFileType = sourcecode.c.h; path = YMAppDelegate.h; sourceTree = "<group>"; };
		4DB9AE981904D1EF00F0D562 /* YMAppDelegate.m */ = {isa = PBXFileReference; lastKnownFileType = sourcecode.c.objc; path = YMAppDelegate.m; sourceTree = "<group>"; };
		4DB9AE9B1904D1EF00F0D562 /* Base */ = {isa = PBXFileReference; lastKnownFileType = file.storyboard; name = Base; path = Base.lproj/Main.storyboard; sourceTree = "<group>"; };
		4DB9AE9D1904D1EF00F0D562 /* YMViewController.h */ = {isa = PBXFileReference; lastKnownFileType = sourcecode.c.h; path = YMViewController.h; sourceTree = "<group>"; };
		4DB9AE9E1904D1EF00F0D562 /* YMViewController.m */ = {isa = PBXFileReference; lastKnownFileType = sourcecode.c.objc; path = YMViewController.m; sourceTree = "<group>"; };
		4DB9AEA01904D1EF00F0D562 /* Images.xcassets */ = {isa = PBXFileReference; lastKnownFileType = folder.assetcatalog; path = Images.xcassets; sourceTree = "<group>"; };
		4DB9AEA61904D1EF00F0D562 /* YelpAPIManagerDemoTests.xctest */ = {isa = PBXFileReference; explicitFileType = wrapper.cfbundle; includeInIndex = 0; path = YelpAPIManagerDemoTests.xctest; sourceTree = BUILT_PRODUCTS_DIR; };
		4DB9AEA71904D1EF00F0D562 /* XCTest.framework */ = {isa = PBXFileReference; lastKnownFileType = wrapper.framework; name = XCTest.framework; path = Library/Frameworks/XCTest.framework; sourceTree = DEVELOPER_DIR; };
		4DB9AEAF1904D1EF00F0D562 /* YelpAPIManagerDemoTests-Info.plist */ = {isa = PBXFileReference; lastKnownFileType = text.plist.xml; path = "YelpAPIManagerDemoTests-Info.plist"; sourceTree = "<group>"; };
		4DB9AEB11904D1EF00F0D562 /* en */ = {isa = PBXFileReference; lastKnownFileType = text.plist.strings; name = en; path = en.lproj/InfoPlist.strings; sourceTree = "<group>"; };
		4DB9AEB31904D1EF00F0D562 /* YelpAPIManagerDemoTests.m */ = {isa = PBXFileReference; lastKnownFileType = sourcecode.c.objc; path = YelpAPIManagerDemoTests.m; sourceTree = "<group>"; };
		4DB9AEC11904D23200F0D562 /* YelpAPIManager.h */ = {isa = PBXFileReference; fileEncoding = 4; lastKnownFileType = sourcecode.c.h; path = YelpAPIManager.h; sourceTree = "<group>"; };
		4DB9AEC21904D23200F0D562 /* YelpAPIManager.m */ = {isa = PBXFileReference; fileEncoding = 4; lastKnownFileType = sourcecode.c.objc; path = YelpAPIManager.m; sourceTree = "<group>"; };
		58E76568BB534B56A917E71D /* libPods-YelpAPIManagerDemo.a */ = {isa = PBXFileReference; explicitFileType = archive.ar; includeInIndex = 0; path = "libPods-YelpAPIManagerDemo.a"; sourceTree = BUILT_PRODUCTS_DIR; };
		5D3C776A190853A40083577C /* YelpDealObject.h */ = {isa = PBXFileReference; fileEncoding = 4; lastKnownFileType = sourcecode.c.h; path = YelpDealObject.h; sourceTree = "<group>"; };
		5D3C776B190853A40083577C /* YelpDealObject.m */ = {isa = PBXFileReference; fileEncoding = 4; lastKnownFileType = sourcecode.c.objc; path = YelpDealObject.m; sourceTree = "<group>"; };
		5D3C776D190853AA0083577C /* YelpGiftCertificateObject.h */ = {isa = PBXFileReference; fileEncoding = 4; lastKnownFileType = sourcecode.c.h; path = YelpGiftCertificateObject.h; sourceTree = "<group>"; };
		5D3C776E190853AA0083577C /* YelpGiftCertificateObject.m */ = {isa = PBXFileReference; fileEncoding = 4; lastKnownFileType = sourcecode.c.objc; path = YelpGiftCertificateObject.m; sourceTree = "<group>"; };
		5D3C7770190853F80083577C /* YelpGiftCertificateOption.h */ = {isa = PBXFileReference; fileEncoding = 4; lastKnownFileType = sourcecode.c.h; path = YelpGiftCertificateOption.h; sourceTree = "<group>"; };
		5D3C7771190853F80083577C /* YelpGiftCertificateOption.m */ = {isa = PBXFileReference; fileEncoding = 4; lastKnownFileType = sourcecode.c.objc; path = YelpGiftCertificateOption.m; sourceTree = "<group>"; };
		5D3C7773190854050083577C /* YelpDealOption.h */ = {isa = PBXFileReference; fileEncoding = 4; lastKnownFileType = sourcecode.c.h; path = YelpDealOption.h; sourceTree = "<group>"; };
		5D3C7774190854050083577C /* YelpDealOption.m */ = {isa = PBXFileReference; fileEncoding = 4; lastKnownFileType = sourcecode.c.objc; path = YelpDealOption.m; sourceTree = "<group>"; };
		5D3C77761908621C0083577C /* YelpObject.h */ = {isa = PBXFileReference; fileEncoding = 4; lastKnownFileType = sourcecode.c.h; path = YelpObject.h; sourceTree = "<group>"; };
		5D3C77771908621C0083577C /* YelpObject.m */ = {isa = PBXFileReference; fileEncoding = 4; lastKnownFileType = sourcecode.c.objc; path = YelpObject.m; sourceTree = "<group>"; };
		5DF09FCA1906FB0D00727F41 /* YelpAPIConstants.plist */ = {isa = PBXFileReference; fileEncoding = 4; lastKnownFileType = text.plist.xml; path = YelpAPIConstants.plist; sourceTree = "<group>"; };
		5DF09FD31907077E00727F41 /* YelpBusinessObject.h */ = {isa = PBXFileReference; fileEncoding = 4; lastKnownFileType = sourcecode.c.h; path = YelpBusinessObject.h; sourceTree = "<group>"; };
		5DF09FD41907077E00727F41 /* YelpBusinessObject.m */ = {isa = PBXFileReference; fileEncoding = 4; lastKnownFileType = sourcecode.c.objc; path = YelpBusinessObject.m; sourceTree = "<group>"; };
		5DF09FD61907086300727F41 /* CoreLocation.framework */ = {isa = PBXFileReference; lastKnownFileType = wrapper.framework; name = CoreLocation.framework; path = System/Library/Frameworks/CoreLocation.framework; sourceTree = SDKROOT; };
/* End PBXFileReference section */

/* Begin PBXFrameworksBuildPhase section */
		4DB9AE821904D1EF00F0D562 /* Frameworks */ = {
			isa = PBXFrameworksBuildPhase;
			buildActionMask = 2147483647;
			files = (
				5DF09FD71907086300727F41 /* CoreLocation.framework in Frameworks */,
				4DB9AE8B1904D1EF00F0D562 /* CoreGraphics.framework in Frameworks */,
				4DB9AE8D1904D1EF00F0D562 /* UIKit.framework in Frameworks */,
				4DB9AE891904D1EF00F0D562 /* Foundation.framework in Frameworks */,
				800A775BB1534AEC811868F3 /* libPods-YelpAPIManagerDemo.a in Frameworks */,
			);
			runOnlyForDeploymentPostprocessing = 0;
		};
		4DB9AEA31904D1EF00F0D562 /* Frameworks */ = {
			isa = PBXFrameworksBuildPhase;
			buildActionMask = 2147483647;
			files = (
				4DB9AEA81904D1EF00F0D562 /* XCTest.framework in Frameworks */,
				4DB9AEAA1904D1EF00F0D562 /* UIKit.framework in Frameworks */,
				4DB9AEA91904D1EF00F0D562 /* Foundation.framework in Frameworks */,
			);
			runOnlyForDeploymentPostprocessing = 0;
		};
/* End PBXFrameworksBuildPhase section */

/* Begin PBXGroup section */
		4D7CE3A2190A7741005893EA /* Location */ = {
			isa = PBXGroup;
			children = (
				4D7CE3A3190A7741005893EA /* YelpLocationObject.h */,
				4D7CE3A4190A7741005893EA /* YelpLocationObject.m */,
			);
			path = Location;
			sourceTree = "<group>";
		};
		4D7CE3A5190A7741005893EA /* Review */ = {
			isa = PBXGroup;
			children = (
				4D7CE3A7190A7F51005893EA /* YelpReviewObject.h */,
				4D7CE3A8190A7F51005893EA /* YelpReviewObject.m */,
				4D7CE3AA190A7F9D005893EA /* YelpReviewUserObject.h */,
				4D7CE3AB190A7F9D005893EA /* YelpReviewUserObject.m */,
			);
			path = Review;
			sourceTree = "<group>";
		};
		4DA9A5511906A1FA00148541 /* Categories */ = {
			isa = PBXGroup;
			children = (
				4DA9A5521906A22000148541 /* NSData+Base64Encoder.h */,
				4DA9A5531906A22000148541 /* NSData+Base64Encoder.m */,
				4DA9A5551906A23300148541 /* NSString+Encoding.h */,
				4DA9A5561906A23300148541 /* NSString+Encoding.m */,
			);
			path = Categories;
			sourceTree = "<group>";
		};
		4DB9AE7C1904D1EF00F0D562 = {
			isa = PBXGroup;
			children = (
				4DB9AEBD1904D1F700F0D562 /* YelpAPIManager */,
				4DB9AE8E1904D1EF00F0D562 /* YelpAPIManagerDemo */,
				4DB9AEAD1904D1EF00F0D562 /* YelpAPIManagerDemoTests */,
				4DB9AE871904D1EF00F0D562 /* Frameworks */,
				4DB9AE861904D1EF00F0D562 /* Products */,
				3C26D4A249864FD194DBA2CC /* Pods-YelpAPIManagerDemo.xcconfig */,
			);
			sourceTree = "<group>";
		};
		4DB9AE861904D1EF00F0D562 /* Products */ = {
			isa = PBXGroup;
			children = (
				4DB9AE851904D1EF00F0D562 /* YelpAPIManagerDemo.app */,
				4DB9AEA61904D1EF00F0D562 /* YelpAPIManagerDemoTests.xctest */,
			);
			name = Products;
			sourceTree = "<group>";
		};
		4DB9AE871904D1EF00F0D562 /* Frameworks */ = {
			isa = PBXGroup;
			children = (
				5DF09FD61907086300727F41 /* CoreLocation.framework */,
				4DB9AE881904D1EF00F0D562 /* Foundation.framework */,
				4DB9AE8A1904D1EF00F0D562 /* CoreGraphics.framework */,
				4DB9AE8C1904D1EF00F0D562 /* UIKit.framework */,
				4DB9AEA71904D1EF00F0D562 /* XCTest.framework */,
				58E76568BB534B56A917E71D /* libPods-YelpAPIManagerDemo.a */,
			);
			name = Frameworks;
			sourceTree = "<group>";
		};
		4DB9AE8E1904D1EF00F0D562 /* YelpAPIManagerDemo */ = {
			isa = PBXGroup;
			children = (
				4DB9AE971904D1EF00F0D562 /* YMAppDelegate.h */,
				4DB9AE981904D1EF00F0D562 /* YMAppDelegate.m */,
				4DB9AE9A1904D1EF00F0D562 /* Main.storyboard */,
				4DB9AE9D1904D1EF00F0D562 /* YMViewController.h */,
				4DB9AE9E1904D1EF00F0D562 /* YMViewController.m */,
				4DB9AEA01904D1EF00F0D562 /* Images.xcassets */,
				4DB9AE8F1904D1EF00F0D562 /* Supporting Files */,
			);
			path = YelpAPIManagerDemo;
			sourceTree = "<group>";
		};
		4DB9AE8F1904D1EF00F0D562 /* Supporting Files */ = {
			isa = PBXGroup;
			children = (
				4DB9AE901904D1EF00F0D562 /* YelpAPIManagerDemo-Info.plist */,
				4DB9AE911904D1EF00F0D562 /* InfoPlist.strings */,
				4DB9AE941904D1EF00F0D562 /* main.m */,
				4DB9AE961904D1EF00F0D562 /* YelpAPIManagerDemo-Prefix.pch */,
			);
			name = "Supporting Files";
			sourceTree = "<group>";
		};
		4DB9AEAD1904D1EF00F0D562 /* YelpAPIManagerDemoTests */ = {
			isa = PBXGroup;
			children = (
				4DB9AEB31904D1EF00F0D562 /* YelpAPIManagerDemoTests.m */,
				4DB9AEAE1904D1EF00F0D562 /* Supporting Files */,
			);
			path = YelpAPIManagerDemoTests;
			sourceTree = "<group>";
		};
		4DB9AEAE1904D1EF00F0D562 /* Supporting Files */ = {
			isa = PBXGroup;
			children = (
				4DB9AEAF1904D1EF00F0D562 /* YelpAPIManagerDemoTests-Info.plist */,
				4DB9AEB01904D1EF00F0D562 /* InfoPlist.strings */,
			);
			name = "Supporting Files";
			sourceTree = "<group>";
		};
		4DB9AEBD1904D1F700F0D562 /* YelpAPIManager */ = {
			isa = PBXGroup;
			children = (
				5DF09FD21907075100727F41 /* Objects */,
				5DF09FC91906FAEA00727F41 /* Constants */,
				4DA9A5511906A1FA00148541 /* Categories */,
				4DB9AEC11904D23200F0D562 /* YelpAPIManager.h */,
				4DB9AEC21904D23200F0D562 /* YelpAPIManager.m */,
				4DA9A5591906A2EF00148541 /* YelpAPIUtilities.h */,
				4DA9A55A1906A2EF00148541 /* YelpAPIUtilities.m */,
				4DAA4D6319074B29003DC93A /* YelpAPIParser.h */,
				4DAA4D6419074B29003DC93A /* YelpAPIParser.m */,
			);
			path = YelpAPIManager;
			sourceTree = "<group>";
		};
		5D3C77681908523D0083577C /* Deal */ = {
			isa = PBXGroup;
			children = (
				5D3C776A190853A40083577C /* YelpDealObject.h */,
				5D3C776B190853A40083577C /* YelpDealObject.m */,
				5D3C7773190854050083577C /* YelpDealOption.h */,
				5D3C7774190854050083577C /* YelpDealOption.m */,
			);
			path = Deal;
			sourceTree = "<group>";
		};
		5D3C77691908524C0083577C /* Gift Certification */ = {
			isa = PBXGroup;
			children = (
				5D3C776D190853AA0083577C /* YelpGiftCertificateObject.h */,
				5D3C776E190853AA0083577C /* YelpGiftCertificateObject.m */,
				5D3C7770190853F80083577C /* YelpGiftCertificateOption.h */,
				5D3C7771190853F80083577C /* YelpGiftCertificateOption.m */,
			);
			name = "Gift Certification";
			path = "Gift Certificate";
			sourceTree = "<group>";
		};
		5DF09FC91906FAEA00727F41 /* Constants */ = {
			isa = PBXGroup;
			children = (
				5DF09FCA1906FB0D00727F41 /* YelpAPIConstants.plist */,
			);
			path = Constants;
			sourceTree = "<group>";
		};
		5DF09FD21907075100727F41 /* Objects */ = {
			isa = PBXGroup;
			children = (
				5D3C77761908621C0083577C /* YelpObject.h */,
				5D3C77771908621C0083577C /* YelpObject.m */,
				5DF09FD31907077E00727F41 /* YelpBusinessObject.h */,
				5DF09FD41907077E00727F41 /* YelpBusinessObject.m */,
				4D7CE3A2190A7741005893EA /* Location */,
				4D7CE3A5190A7741005893EA /* Review */,
				5D3C77691908524C0083577C /* Gift Certification */,
				5D3C77681908523D0083577C /* Deal */,
			);
			path = Objects;
			sourceTree = "<group>";
		};
/* End PBXGroup section */

/* Begin PBXNativeTarget section */
		4DB9AE841904D1EF00F0D562 /* YelpAPIManagerDemo */ = {
			isa = PBXNativeTarget;
			buildConfigurationList = 4DB9AEB71904D1EF00F0D562 /* Build configuration list for PBXNativeTarget "YelpAPIManagerDemo" */;
			buildPhases = (
				24AC81B6B36B46179293372B /* Check Pods Manifest.lock */,
				4DB9AE811904D1EF00F0D562 /* Sources */,
				4DB9AE821904D1EF00F0D562 /* Frameworks */,
				4DB9AE831904D1EF00F0D562 /* Resources */,
				83DA4035DB644213B45B4387 /* Copy Pods Resources */,
			);
			buildRules = (
			);
			dependencies = (
			);
			name = YelpAPIManagerDemo;
			productName = YelpAPIManagerDemo;
			productReference = 4DB9AE851904D1EF00F0D562 /* YelpAPIManagerDemo.app */;
			productType = "com.apple.product-type.application";
		};
		4DB9AEA51904D1EF00F0D562 /* YelpAPIManagerDemoTests */ = {
			isa = PBXNativeTarget;
			buildConfigurationList = 4DB9AEBA1904D1EF00F0D562 /* Build configuration list for PBXNativeTarget "YelpAPIManagerDemoTests" */;
			buildPhases = (
				4DB9AEA21904D1EF00F0D562 /* Sources */,
				4DB9AEA31904D1EF00F0D562 /* Frameworks */,
				4DB9AEA41904D1EF00F0D562 /* Resources */,
			);
			buildRules = (
			);
			dependencies = (
				4DB9AEAC1904D1EF00F0D562 /* PBXTargetDependency */,
			);
			name = YelpAPIManagerDemoTests;
			productName = YelpAPIManagerDemoTests;
			productReference = 4DB9AEA61904D1EF00F0D562 /* YelpAPIManagerDemoTests.xctest */;
			productType = "com.apple.product-type.bundle.unit-test";
		};
/* End PBXNativeTarget section */

/* Begin PBXProject section */
		4DB9AE7D1904D1EF00F0D562 /* Project object */ = {
			isa = PBXProject;
			attributes = {
				CLASSPREFIX = YM;
				LastUpgradeCheck = 0510;
				ORGANIZATIONNAME = "Zian Mobile Development";
				TargetAttributes = {
					4DB9AEA51904D1EF00F0D562 = {
						TestTargetID = 4DB9AE841904D1EF00F0D562;
					};
				};
			};
			buildConfigurationList = 4DB9AE801904D1EF00F0D562 /* Build configuration list for PBXProject "YelpAPIManagerDemo" */;
			compatibilityVersion = "Xcode 3.2";
			developmentRegion = English;
			hasScannedForEncodings = 0;
			knownRegions = (
				en,
				Base,
			);
			mainGroup = 4DB9AE7C1904D1EF00F0D562;
			productRefGroup = 4DB9AE861904D1EF00F0D562 /* Products */;
			projectDirPath = "";
			projectRoot = "";
			targets = (
				4DB9AE841904D1EF00F0D562 /* YelpAPIManagerDemo */,
				4DB9AEA51904D1EF00F0D562 /* YelpAPIManagerDemoTests */,
			);
		};
/* End PBXProject section */

/* Begin PBXResourcesBuildPhase section */
		4DB9AE831904D1EF00F0D562 /* Resources */ = {
			isa = PBXResourcesBuildPhase;
			buildActionMask = 2147483647;
			files = (
				4DB9AEA11904D1EF00F0D562 /* Images.xcassets in Resources */,
				5DF09FCD1906FB0D00727F41 /* YelpAPIConstants.plist in Resources */,
				4DB9AE931904D1EF00F0D562 /* InfoPlist.strings in Resources */,
				4DB9AE9C1904D1EF00F0D562 /* Main.storyboard in Resources */,
			);
			runOnlyForDeploymentPostprocessing = 0;
		};
		4DB9AEA41904D1EF00F0D562 /* Resources */ = {
			isa = PBXResourcesBuildPhase;
			buildActionMask = 2147483647;
			files = (
				4DB9AEB21904D1EF00F0D562 /* InfoPlist.strings in Resources */,
			);
			runOnlyForDeploymentPostprocessing = 0;
		};
/* End PBXResourcesBuildPhase section */

/* Begin PBXShellScriptBuildPhase section */
		24AC81B6B36B46179293372B /* Check Pods Manifest.lock */ = {
			isa = PBXShellScriptBuildPhase;
			buildActionMask = 2147483647;
			files = (
			);
			inputPaths = (
			);
			name = "Check Pods Manifest.lock";
			outputPaths = (
			);
			runOnlyForDeploymentPostprocessing = 0;
			shellPath = /bin/sh;
			shellScript = "diff \"${PODS_ROOT}/../Podfile.lock\" \"${PODS_ROOT}/Manifest.lock\" > /dev/null\nif [[ $? != 0 ]] ; then\n    cat << EOM\nerror: The sandbox is not in sync with the Podfile.lock. Run 'pod install' or update your CocoaPods installation.\nEOM\n    exit 1\nfi\n";
			showEnvVarsInLog = 0;
		};
		83DA4035DB644213B45B4387 /* Copy Pods Resources */ = {
			isa = PBXShellScriptBuildPhase;
			buildActionMask = 2147483647;
			files = (
			);
			inputPaths = (
			);
			name = "Copy Pods Resources";
			outputPaths = (
			);
			runOnlyForDeploymentPostprocessing = 0;
			shellPath = /bin/sh;
			shellScript = "\"${SRCROOT}/Pods/Pods-YelpAPIManagerDemo-resources.sh\"\n";
			showEnvVarsInLog = 0;
		};
/* End PBXShellScriptBuildPhase section */

/* Begin PBXSourcesBuildPhase section */
		4DB9AE811904D1EF00F0D562 /* Sources */ = {
			isa = PBXSourcesBuildPhase;
			buildActionMask = 2147483647;
			files = (
				4D7CE3A9190A7F51005893EA /* YelpReviewObject.m in Sources */,
				4D7CE3A6190A7741005893EA /* YelpLocationObject.m in Sources */,
				4DA9A5571906A23300148541 /* NSString+Encoding.m in Sources */,
				4DA9A5541906A22000148541 /* NSData+Base64Encoder.m in Sources */,
				4DB9AE9F1904D1EF00F0D562 /* YMViewController.m in Sources */,
				5D3C7772190853F80083577C /* YelpGiftCertificateOption.m in Sources */,
				4D7CE3AC190A7F9D005893EA /* YelpReviewUserObject.m in Sources */,
				4DB9AE991904D1EF00F0D562 /* YMAppDelegate.m in Sources */,
				5DF09FD51907077E00727F41 /* YelpBusinessObject.m in Sources */,
				4DB9AE951904D1EF00F0D562 /* main.m in Sources */,
				5D3C7775190854050083577C /* YelpDealOption.m in Sources */,
				5D3C77781908621C0083577C /* YelpObject.m in Sources */,
				5D3C776C190853A40083577C /* YelpDealObject.m in Sources */,
				5D3C776F190853AA0083577C /* YelpGiftCertificateObject.m in Sources */,
				4DB9AEC31904D23200F0D562 /* YelpAPIManager.m in Sources */,
				4DA9A55B1906A2EF00148541 /* YelpAPIUtilities.m in Sources */,
				4DAA4D6519074B29003DC93A /* YelpAPIParser.m in Sources */,
			);
			runOnlyForDeploymentPostprocessing = 0;
		};
		4DB9AEA21904D1EF00F0D562 /* Sources */ = {
			isa = PBXSourcesBuildPhase;
			buildActionMask = 2147483647;
			files = (
				4DB9AEB41904D1EF00F0D562 /* YelpAPIManagerDemoTests.m in Sources */,
			);
			runOnlyForDeploymentPostprocessing = 0;
		};
/* End PBXSourcesBuildPhase section */

/* Begin PBXTargetDependency section */
		4DB9AEAC1904D1EF00F0D562 /* PBXTargetDependency */ = {
			isa = PBXTargetDependency;
			target = 4DB9AE841904D1EF00F0D562 /* YelpAPIManagerDemo */;
			targetProxy = 4DB9AEAB1904D1EF00F0D562 /* PBXContainerItemProxy */;
		};
/* End PBXTargetDependency section */

/* Begin PBXVariantGroup section */
		4DB9AE911904D1EF00F0D562 /* InfoPlist.strings */ = {
			isa = PBXVariantGroup;
			children = (
				4DB9AE921904D1EF00F0D562 /* en */,
			);
			name = InfoPlist.strings;
			sourceTree = "<group>";
		};
		4DB9AE9A1904D1EF00F0D562 /* Main.storyboard */ = {
			isa = PBXVariantGroup;
			children = (
				4DB9AE9B1904D1EF00F0D562 /* Base */,
			);
			name = Main.storyboard;
			sourceTree = "<group>";
		};
		4DB9AEB01904D1EF00F0D562 /* InfoPlist.strings */ = {
			isa = PBXVariantGroup;
			children = (
				4DB9AEB11904D1EF00F0D562 /* en */,
			);
			name = InfoPlist.strings;
			sourceTree = "<group>";
		};
/* End PBXVariantGroup section */

/* Begin XCBuildConfiguration section */
		4DB9AEB51904D1EF00F0D562 /* Debug */ = {
			isa = XCBuildConfiguration;
			buildSettings = {
				ALWAYS_SEARCH_USER_PATHS = NO;
				CLANG_CXX_LANGUAGE_STANDARD = "gnu++0x";
				CLANG_CXX_LIBRARY = "libc++";
				CLANG_ENABLE_MODULES = YES;
				CLANG_ENABLE_OBJC_ARC = YES;
				CLANG_WARN_BOOL_CONVERSION = YES;
				CLANG_WARN_CONSTANT_CONVERSION = YES;
				CLANG_WARN_DIRECT_OBJC_ISA_USAGE = YES_ERROR;
				CLANG_WARN_EMPTY_BODY = YES;
				CLANG_WARN_ENUM_CONVERSION = YES;
				CLANG_WARN_INT_CONVERSION = YES;
				CLANG_WARN_OBJC_ROOT_CLASS = YES_ERROR;
				CLANG_WARN__DUPLICATE_METHOD_MATCH = YES;
				"CODE_SIGN_IDENTITY[sdk=iphoneos*]" = "iPhone Developer";
				COPY_PHASE_STRIP = NO;
				GCC_C_LANGUAGE_STANDARD = gnu99;
				GCC_DYNAMIC_NO_PIC = NO;
				GCC_OPTIMIZATION_LEVEL = 0;
				GCC_PREPROCESSOR_DEFINITIONS = (
					"DEBUG=1",
					"$(inherited)",
				);
				GCC_SYMBOLS_PRIVATE_EXTERN = NO;
				GCC_WARN_64_TO_32_BIT_CONVERSION = YES;
				GCC_WARN_ABOUT_RETURN_TYPE = YES_ERROR;
				GCC_WARN_UNDECLARED_SELECTOR = YES;
				GCC_WARN_UNINITIALIZED_AUTOS = YES_AGGRESSIVE;
				GCC_WARN_UNUSED_FUNCTION = YES;
				GCC_WARN_UNUSED_VARIABLE = YES;
				IPHONEOS_DEPLOYMENT_TARGET = 7.1;
				ONLY_ACTIVE_ARCH = YES;
				SDKROOT = iphoneos;
			};
			name = Debug;
		};
		4DB9AEB61904D1EF00F0D562 /* Release */ = {
			isa = XCBuildConfiguration;
			buildSettings = {
				ALWAYS_SEARCH_USER_PATHS = NO;
				CLANG_CXX_LANGUAGE_STANDARD = "gnu++0x";
				CLANG_CXX_LIBRARY = "libc++";
				CLANG_ENABLE_MODULES = YES;
				CLANG_ENABLE_OBJC_ARC = YES;
				CLANG_WARN_BOOL_CONVERSION = YES;
				CLANG_WARN_CONSTANT_CONVERSION = YES;
				CLANG_WARN_DIRECT_OBJC_ISA_USAGE = YES_ERROR;
				CLANG_WARN_EMPTY_BODY = YES;
				CLANG_WARN_ENUM_CONVERSION = YES;
				CLANG_WARN_INT_CONVERSION = YES;
				CLANG_WARN_OBJC_ROOT_CLASS = YES_ERROR;
				CLANG_WARN__DUPLICATE_METHOD_MATCH = YES;
				"CODE_SIGN_IDENTITY[sdk=iphoneos*]" = "iPhone Developer";
				COPY_PHASE_STRIP = YES;
				ENABLE_NS_ASSERTIONS = NO;
				GCC_C_LANGUAGE_STANDARD = gnu99;
				GCC_WARN_64_TO_32_BIT_CONVERSION = YES;
				GCC_WARN_ABOUT_RETURN_TYPE = YES_ERROR;
				GCC_WARN_UNDECLARED_SELECTOR = YES;
				GCC_WARN_UNINITIALIZED_AUTOS = YES_AGGRESSIVE;
				GCC_WARN_UNUSED_FUNCTION = YES;
				GCC_WARN_UNUSED_VARIABLE = YES;
				IPHONEOS_DEPLOYMENT_TARGET = 7.1;
				SDKROOT = iphoneos;
				VALIDATE_PRODUCT = YES;
			};
			name = Release;
		};
		4DB9AEB81904D1EF00F0D562 /* Debug */ = {
			isa = XCBuildConfiguration;
			baseConfigurationReference = 3C26D4A249864FD194DBA2CC /* Pods-YelpAPIManagerDemo.xcconfig */;
			buildSettings = {
				ASSETCATALOG_COMPILER_APPICON_NAME = AppIcon;
				ASSETCATALOG_COMPILER_LAUNCHIMAGE_NAME = LaunchImage;
				GCC_PRECOMPILE_PREFIX_HEADER = YES;
				GCC_PREFIX_HEADER = "YelpAPIManagerDemo/YelpAPIManagerDemo-Prefix.pch";
				INFOPLIST_FILE = "YelpAPIManagerDemo/YelpAPIManagerDemo-Info.plist";
				LIBRARY_SEARCH_PATHS = (
					"$(inherited)",
					"$(SDKROOT)/usr/lib/system",
				);
				PRODUCT_NAME = "$(TARGET_NAME)";
				WRAPPER_EXTENSION = app;
			};
			name = Debug;
		};
		4DB9AEB91904D1EF00F0D562 /* Release */ = {
			isa = XCBuildConfiguration;
			baseConfigurationReference = 3C26D4A249864FD194DBA2CC /* Pods-YelpAPIManagerDemo.xcconfig */;
			buildSettings = {
				ASSETCATALOG_COMPILER_APPICON_NAME = AppIcon;
				ASSETCATALOG_COMPILER_LAUNCHIMAGE_NAME = LaunchImage;
				GCC_PRECOMPILE_PREFIX_HEADER = YES;
				GCC_PREFIX_HEADER = "YelpAPIManagerDemo/YelpAPIManagerDemo-Prefix.pch";
				INFOPLIST_FILE = "YelpAPIManagerDemo/YelpAPIManagerDemo-Info.plist";
				LIBRARY_SEARCH_PATHS = (
					"$(inherited)",
					"$(SDKROOT)/usr/lib/system",
				);
				PRODUCT_NAME = "$(TARGET_NAME)";
				WRAPPER_EXTENSION = app;
			};
			name = Release;
		};
		4DB9AEBB1904D1EF00F0D562 /* Debug */ = {
			isa = XCBuildConfiguration;
			buildSettings = {
				BUNDLE_LOADER = "$(BUILT_PRODUCTS_DIR)/YelpAPIManagerDemo.app/YelpAPIManagerDemo";
				FRAMEWORK_SEARCH_PATHS = (
					"$(SDKROOT)/Developer/Library/Frameworks",
					"$(inherited)",
					"$(DEVELOPER_FRAMEWORKS_DIR)",
				);
				GCC_PRECOMPILE_PREFIX_HEADER = YES;
				GCC_PREFIX_HEADER = "YelpAPIManagerDemo/YelpAPIManagerDemo-Prefix.pch";
				GCC_PREPROCESSOR_DEFINITIONS = (
					"DEBUG=1",
					"$(inherited)",
				);
				INFOPLIST_FILE = "YelpAPIManagerDemoTests/YelpAPIManagerDemoTests-Info.plist";
				PRODUCT_NAME = "$(TARGET_NAME)";
				TEST_HOST = "$(BUNDLE_LOADER)";
				WRAPPER_EXTENSION = xctest;
			};
			name = Debug;
		};
		4DB9AEBC1904D1EF00F0D562 /* Release */ = {
			isa = XCBuildConfiguration;
			buildSettings = {
				BUNDLE_LOADER = "$(BUILT_PRODUCTS_DIR)/YelpAPIManagerDemo.app/YelpAPIManagerDemo";
				FRAMEWORK_SEARCH_PATHS = (
					"$(SDKROOT)/Developer/Library/Frameworks",
					"$(inherited)",
					"$(DEVELOPER_FRAMEWORKS_DIR)",
				);
				GCC_PRECOMPILE_PREFIX_HEADER = YES;
				GCC_PREFIX_HEADER = "YelpAPIManagerDemo/YelpAPIManagerDemo-Prefix.pch";
				INFOPLIST_FILE = "YelpAPIManagerDemoTests/YelpAPIManagerDemoTests-Info.plist";
				PRODUCT_NAME = "$(TARGET_NAME)";
				TEST_HOST = "$(BUNDLE_LOADER)";
				WRAPPER_EXTENSION = xctest;
			};
			name = Release;
		};
/* End XCBuildConfiguration section */

/* Begin XCConfigurationList section */
		4DB9AE801904D1EF00F0D562 /* Build configuration list for PBXProject "YelpAPIManagerDemo" */ = {
			isa = XCConfigurationList;
			buildConfigurations = (
				4DB9AEB51904D1EF00F0D562 /* Debug */,
				4DB9AEB61904D1EF00F0D562 /* Release */,
			);
			defaultConfigurationIsVisible = 0;
			defaultConfigurationName = Release;
		};
		4DB9AEB71904D1EF00F0D562 /* Build configuration list for PBXNativeTarget "YelpAPIManagerDemo" */ = {
			isa = XCConfigurationList;
			buildConfigurations = (
				4DB9AEB81904D1EF00F0D562 /* Debug */,
				4DB9AEB91904D1EF00F0D562 /* Release */,
			);
			defaultConfigurationIsVisible = 0;
			defaultConfigurationName = Release;
		};
		4DB9AEBA1904D1EF00F0D562 /* Build configuration list for PBXNativeTarget "YelpAPIManagerDemoTests" */ = {
			isa = XCConfigurationList;
			buildConfigurations = (
				4DB9AEBB1904D1EF00F0D562 /* Debug */,
				4DB9AEBC1904D1EF00F0D562 /* Release */,
			);
			defaultConfigurationIsVisible = 0;
			defaultConfigurationName = Release;
		};
/* End XCConfigurationList section */
	};
	rootObject = 4DB9AE7D1904D1EF00F0D562 /* Project object */;
}
